
Microsoft Visual Studio Solution File, Format Version 12.00
# Visual Studio Version 17
VisualStudioVersion = 17.13.35931.197 d17.13
MinimumVisualStudioVersion = 10.0.40219.1
Project("{FAE04EC0-301F-11D3-BF4B-00C04F79EFBC}") = "Bibloteca_app", "Bibloteca_app\Bibloteca_app.csproj", "{494FA8DC-1CA9-4366-800C-6BD409A8A4D2}"
EndProject
Global
	GlobalSection(SolutionConfigurationPlatforms) = preSolution
		Debug|Any CPU = Debug|Any CPU
		Release|Any CPU = Release|Any CPU
	EndGlobalSection
	GlobalSection(ProjectConfigurationPlatforms) = postSolution
		{494FA8DC-1CA9-4366-800C-6BD409A8A4D2}.Debug|Any CPU.ActiveCfg = Debug|Any CPU
		{494FA8DC-1CA9-4366-800C-6BD409A8A4D2}.Debug|Any CPU.Build.0 = Debug|Any CPU
		{494FA8DC-1CA9-4366-800C-6BD409A8A4D2}.Release|Any CPU.ActiveCfg = Release|Any CPU
		{494FA8DC-1CA9-4366-800C-6BD409A8A4D2}.Release|Any CPU.Build.0 = Release|Any CPU
	EndGlobalSection
	GlobalSection(SolutionProperties) = preSolution
		HideSolutionNode = FALSE
	EndGlobalSection
	GlobalSection(ExtensibilityGlobals) = postSolution
		SolutionGuid = {59D4450F-BEFA-4951-AE43-B28127E2F0C4}
	EndGlobalSection
EndGlobal
